
Microsoft Visual Studio Solution File, Format Version 12.00
# Visual Studio Version 17
VisualStudioVersion = 17.0.32228.444
MinimumVisualStudioVersion = 10.0.40219.1
Project("{FAE04EC0-301F-11D3-BF4B-00C04F79EFBC}") = "Testbed", "AoC2022\Testbed.csproj", "{71050E2A-62ED-4753-8000-AB519D89BBBE}"
EndProject
Project("{FAE04EC0-301F-11D3-BF4B-00C04F79EFBC}") = "Day01", "Day1\Day01.csproj", "{ADF3A316-F386-46E2-90CF-EB928ADF495F}"
EndProject
Project("{FAE04EC0-301F-11D3-BF4B-00C04F79EFBC}") = "Day02", "Day2\Day02.csproj", "{2D3E1DD5-EA7E-451A-8C21-74319029891F}"
EndProject
Project("{FAE04EC0-301F-11D3-BF4B-00C04F79EFBC}") = "Day03", "Day3\Day03.csproj", "{112D28AA-7546-47FE-B551-AB823B2F9521}"
EndProject
Project("{FAE04EC0-301F-11D3-BF4B-00C04F79EFBC}") = "Day04", "Day4\Day04.csproj", "{A063355E-F42E-47F1-B607-DD4856F2F827}"
EndProject
Project("{FAE04EC0-301F-11D3-BF4B-00C04F79EFBC}") = "Day05", "Day5\Day05.csproj", "{0145B291-10AC-44C4-9C0C-7C5DC6545F39}"
EndProject
Project("{FAE04EC0-301F-11D3-BF4B-00C04F79EFBC}") = "Day06", "Day6\Day06.csproj", "{FCA1515C-2A1D-415B-9D93-F93F2270AEE7}"
EndProject
Project("{FAE04EC0-301F-11D3-BF4B-00C04F79EFBC}") = "Day07", "Day7\Day07.csproj", "{CA732C6B-ED49-46BA-A63B-FAE807201243}"
EndProject
Project("{FAE04EC0-301F-11D3-BF4B-00C04F79EFBC}") = "Day08", "Day8\Day08.csproj", "{B713BB92-EAAE-475B-AE3F-8F8F9BA82EA8}"
EndProject
Project("{FAE04EC0-301F-11D3-BF4B-00C04F79EFBC}") = "Day09", "Day9\Day09.csproj", "{F0B56F55-857F-49B5-B036-5EC3007B29A7}"
EndProject
Project("{FAE04EC0-301F-11D3-BF4B-00C04F79EFBC}") = "Day10", "Day10\Day10.csproj", "{67C11CD6-EABE-4EB1-9320-21954C48062A}"
EndProject
Project("{FAE04EC0-301F-11D3-BF4B-00C04F79EFBC}") = "Day11", "Day11\Day11.csproj", "{D96DA371-DCB4-4FC8-A103-94F129097921}"
EndProject
Project("{FAE04EC0-301F-11D3-BF4B-00C04F79EFBC}") = "Day12", "Day12\Day12.csproj", "{24653146-0680-4213-A7DE-79C6CA9BA96D}"
EndProject
Project("{FAE04EC0-301F-11D3-BF4B-00C04F79EFBC}") = "Day13", "Day13\Day13.csproj", "{8F867165-B77C-4D62-8FA3-B60655B85635}"
EndProject
Project("{FAE04EC0-301F-11D3-BF4B-00C04F79EFBC}") = "Day14", "Day14\Day14.csproj", "{DECD0368-D73F-4B8D-BD0B-EB269D4BF982}"
EndProject
Project("{FAE04EC0-301F-11D3-BF4B-00C04F79EFBC}") = "Day15", "Day15\Day15.csproj", "{D500CB5B-3464-4510-9444-9B66D1DC3B01}"
EndProject
Project("{FAE04EC0-301F-11D3-BF4B-00C04F79EFBC}") = "Day16", "Day16\Day16.csproj", "{EDD744C5-40AF-48DF-A180-071D7A43EB11}"
EndProject
Project("{FAE04EC0-301F-11D3-BF4B-00C04F79EFBC}") = "Day17", "Day17\Day17.csproj", "{50056C7F-9194-4D14-9790-1396B3B084B5}"
EndProject
Project("{FAE04EC0-301F-11D3-BF4B-00C04F79EFBC}") = "Day18", "Day18\Day18.csproj", "{E1783D64-4501-4CE3-A980-9AFB5FE81235}"
EndProject
Project("{FAE04EC0-301F-11D3-BF4B-00C04F79EFBC}") = "Day19", "Day19\Day19.csproj", "{5E43EF3A-C00E-4598-875F-AB33F49A489F}"
EndProject
Project("{FAE04EC0-301F-11D3-BF4B-00C04F79EFBC}") = "Day20", "Day20\Day20.csproj", "{EF001716-DD31-49B9-9A08-14F0E21AD73F}"
EndProject
Project("{FAE04EC0-301F-11D3-BF4B-00C04F79EFBC}") = "Day21", "Day21\Day21.csproj", "{3E7B8E01-191C-4F41-A9CD-D2CFF048B0CF}"
EndProject
Project("{FAE04EC0-301F-11D3-BF4B-00C04F79EFBC}") = "Day22", "Day22\Day22.csproj", "{24734C99-BC6A-485C-9753-0FA573BD8A5A}"
EndProject
Project("{FAE04EC0-301F-11D3-BF4B-00C04F79EFBC}") = "Day23", "Day23\Day23.csproj", "{C2B7CFC7-AC95-4820-8C15-3834CDC0A953}"
EndProject
Project("{FAE04EC0-301F-11D3-BF4B-00C04F79EFBC}") = "Day24", "Day24\Day24.csproj", "{9DB5DF42-DC64-4DAA-84E1-AD4FD3560894}"
EndProject
Project("{FAE04EC0-301F-11D3-BF4B-00C04F79EFBC}") = "Day25", "Day25\Day25.csproj", "{45E60BF7-0C97-494D-A646-4ED4C02B3985}"
EndProject
Project("{FAE04EC0-301F-11D3-BF4B-00C04F79EFBC}") = "Day19v2", "Day19v2\Day19v2.csproj", "{5554BB3C-BC7D-4A56-A2C9-AD65AA0C4B28}"
EndProject
Project("{FAE04EC0-301F-11D3-BF4B-00C04F79EFBC}") = "Day20v2", "Day20v2\Day20v2.csproj", "{073C4CED-13A5-479F-BB2D-7570C6A153F2}"
EndProject
Global
	GlobalSection(SolutionConfigurationPlatforms) = preSolution
		Debug|Any CPU = Debug|Any CPU
		Release|Any CPU = Release|Any CPU
	EndGlobalSection
	GlobalSection(ProjectConfigurationPlatforms) = postSolution
		{71050E2A-62ED-4753-8000-AB519D89BBBE}.Debug|Any CPU.ActiveCfg = Debug|Any CPU
		{71050E2A-62ED-4753-8000-AB519D89BBBE}.Debug|Any CPU.Build.0 = Debug|Any CPU
		{71050E2A-62ED-4753-8000-AB519D89BBBE}.Release|Any CPU.ActiveCfg = Release|Any CPU
		{71050E2A-62ED-4753-8000-AB519D89BBBE}.Release|Any CPU.Build.0 = Release|Any CPU
		{ADF3A316-F386-46E2-90CF-EB928ADF495F}.Debug|Any CPU.ActiveCfg = Debug|Any CPU
		{ADF3A316-F386-46E2-90CF-EB928ADF495F}.Debug|Any CPU.Build.0 = Debug|Any CPU
		{ADF3A316-F386-46E2-90CF-EB928ADF495F}.Release|Any CPU.ActiveCfg = Release|Any CPU
		{ADF3A316-F386-46E2-90CF-EB928ADF495F}.Release|Any CPU.Build.0 = Release|Any CPU
		{2D3E1DD5-EA7E-451A-8C21-74319029891F}.Debug|Any CPU.ActiveCfg = Debug|Any CPU
		{2D3E1DD5-EA7E-451A-8C21-74319029891F}.Debug|Any CPU.Build.0 = Debug|Any CPU
		{2D3E1DD5-EA7E-451A-8C21-74319029891F}.Release|Any CPU.ActiveCfg = Release|Any CPU
		{2D3E1DD5-EA7E-451A-8C21-74319029891F}.Release|Any CPU.Build.0 = Release|Any CPU
		{112D28AA-7546-47FE-B551-AB823B2F9521}.Debug|Any CPU.ActiveCfg = Debug|Any CPU
		{112D28AA-7546-47FE-B551-AB823B2F9521}.Debug|Any CPU.Build.0 = Debug|Any CPU
		{112D28AA-7546-47FE-B551-AB823B2F9521}.Release|Any CPU.ActiveCfg = Release|Any CPU
		{112D28AA-7546-47FE-B551-AB823B2F9521}.Release|Any CPU.Build.0 = Release|Any CPU
		{A063355E-F42E-47F1-B607-DD4856F2F827}.Debug|Any CPU.ActiveCfg = Debug|Any CPU
		{A063355E-F42E-47F1-B607-DD4856F2F827}.Debug|Any CPU.Build.0 = Debug|Any CPU
		{A063355E-F42E-47F1-B607-DD4856F2F827}.Release|Any CPU.ActiveCfg = Release|Any CPU
		{A063355E-F42E-47F1-B607-DD4856F2F827}.Release|Any CPU.Build.0 = Release|Any CPU
		{0145B291-10AC-44C4-9C0C-7C5DC6545F39}.Debug|Any CPU.ActiveCfg = Debug|Any CPU
		{0145B291-10AC-44C4-9C0C-7C5DC6545F39}.Debug|Any CPU.Build.0 = Debug|Any CPU
		{0145B291-10AC-44C4-9C0C-7C5DC6545F39}.Release|Any CPU.ActiveCfg = Release|Any CPU
		{0145B291-10AC-44C4-9C0C-7C5DC6545F39}.Release|Any CPU.Build.0 = Release|Any CPU
		{FCA1515C-2A1D-415B-9D93-F93F2270AEE7}.Debug|Any CPU.ActiveCfg = Debug|Any CPU
		{FCA1515C-2A1D-415B-9D93-F93F2270AEE7}.Debug|Any CPU.Build.0 = Debug|Any CPU
		{FCA1515C-2A1D-415B-9D93-F93F2270AEE7}.Release|Any CPU.ActiveCfg = Release|Any CPU
		{FCA1515C-2A1D-415B-9D93-F93F2270AEE7}.Release|Any CPU.Build.0 = Release|Any CPU
		{CA732C6B-ED49-46BA-A63B-FAE807201243}.Debug|Any CPU.ActiveCfg = Debug|Any CPU
		{CA732C6B-ED49-46BA-A63B-FAE807201243}.Debug|Any CPU.Build.0 = Debug|Any CPU
		{CA732C6B-ED49-46BA-A63B-FAE807201243}.Release|Any CPU.ActiveCfg = Release|Any CPU
		{CA732C6B-ED49-46BA-A63B-FAE807201243}.Release|Any CPU.Build.0 = Release|Any CPU
		{B713BB92-EAAE-475B-AE3F-8F8F9BA82EA8}.Debug|Any CPU.ActiveCfg = Debug|Any CPU
		{B713BB92-EAAE-475B-AE3F-8F8F9BA82EA8}.Debug|Any CPU.Build.0 = Debug|Any CPU
		{B713BB92-EAAE-475B-AE3F-8F8F9BA82EA8}.Release|Any CPU.ActiveCfg = Release|Any CPU
		{B713BB92-EAAE-475B-AE3F-8F8F9BA82EA8}.Release|Any CPU.Build.0 = Release|Any CPU
		{F0B56F55-857F-49B5-B036-5EC3007B29A7}.Debug|Any CPU.ActiveCfg = Debug|Any CPU
		{F0B56F55-857F-49B5-B036-5EC3007B29A7}.Debug|Any CPU.Build.0 = Debug|Any CPU
		{F0B56F55-857F-49B5-B036-5EC3007B29A7}.Release|Any CPU.ActiveCfg = Release|Any CPU
		{F0B56F55-857F-49B5-B036-5EC3007B29A7}.Release|Any CPU.Build.0 = Release|Any CPU
		{67C11CD6-EABE-4EB1-9320-21954C48062A}.Debug|Any CPU.ActiveCfg = Debug|Any CPU
		{67C11CD6-EABE-4EB1-9320-21954C48062A}.Debug|Any CPU.Build.0 = Debug|Any CPU
		{67C11CD6-EABE-4EB1-9320-21954C48062A}.Release|Any CPU.ActiveCfg = Release|Any CPU
		{67C11CD6-EABE-4EB1-9320-21954C48062A}.Release|Any CPU.Build.0 = Release|Any CPU
		{D96DA371-DCB4-4FC8-A103-94F129097921}.Debug|Any CPU.ActiveCfg = Debug|Any CPU
		{D96DA371-DCB4-4FC8-A103-94F129097921}.Debug|Any CPU.Build.0 = Debug|Any CPU
		{D96DA371-DCB4-4FC8-A103-94F129097921}.Release|Any CPU.ActiveCfg = Release|Any CPU
		{D96DA371-DCB4-4FC8-A103-94F129097921}.Release|Any CPU.Build.0 = Release|Any CPU
		{24653146-0680-4213-A7DE-79C6CA9BA96D}.Debug|Any CPU.ActiveCfg = Debug|Any CPU
		{24653146-0680-4213-A7DE-79C6CA9BA96D}.Debug|Any CPU.Build.0 = Debug|Any CPU
		{24653146-0680-4213-A7DE-79C6CA9BA96D}.Release|Any CPU.ActiveCfg = Release|Any CPU
		{24653146-0680-4213-A7DE-79C6CA9BA96D}.Release|Any CPU.Build.0 = Release|Any CPU
		{8F867165-B77C-4D62-8FA3-B60655B85635}.Debug|Any CPU.ActiveCfg = Debug|Any CPU
		{8F867165-B77C-4D62-8FA3-B60655B85635}.Debug|Any CPU.Build.0 = Debug|Any CPU
		{8F867165-B77C-4D62-8FA3-B60655B85635}.Release|Any CPU.ActiveCfg = Release|Any CPU
		{8F867165-B77C-4D62-8FA3-B60655B85635}.Release|Any CPU.Build.0 = Release|Any CPU
		{DECD0368-D73F-4B8D-BD0B-EB269D4BF982}.Debug|Any CPU.ActiveCfg = Debug|Any CPU
		{DECD0368-D73F-4B8D-BD0B-EB269D4BF982}.Debug|Any CPU.Build.0 = Debug|Any CPU
		{DECD0368-D73F-4B8D-BD0B-EB269D4BF982}.Release|Any CPU.ActiveCfg = Release|Any CPU
		{DECD0368-D73F-4B8D-BD0B-EB269D4BF982}.Release|Any CPU.Build.0 = Release|Any CPU
		{D500CB5B-3464-4510-9444-9B66D1DC3B01}.Debug|Any CPU.ActiveCfg = Debug|Any CPU
		{D500CB5B-3464-4510-9444-9B66D1DC3B01}.Debug|Any CPU.Build.0 = Debug|Any CPU
		{D500CB5B-3464-4510-9444-9B66D1DC3B01}.Release|Any CPU.ActiveCfg = Release|Any CPU
		{D500CB5B-3464-4510-9444-9B66D1DC3B01}.Release|Any CPU.Build.0 = Release|Any CPU
		{EDD744C5-40AF-48DF-A180-071D7A43EB11}.Debug|Any CPU.ActiveCfg = Debug|Any CPU
		{EDD744C5-40AF-48DF-A180-071D7A43EB11}.Debug|Any CPU.Build.0 = Debug|Any CPU
		{EDD744C5-40AF-48DF-A180-071D7A43EB11}.Release|Any CPU.ActiveCfg = Release|Any CPU
		{EDD744C5-40AF-48DF-A180-071D7A43EB11}.Release|Any CPU.Build.0 = Release|Any CPU
		{50056C7F-9194-4D14-9790-1396B3B084B5}.Debug|Any CPU.ActiveCfg = Debug|Any CPU
		{50056C7F-9194-4D14-9790-1396B3B084B5}.Debug|Any CPU.Build.0 = Debug|Any CPU
		{50056C7F-9194-4D14-9790-1396B3B084B5}.Release|Any CPU.ActiveCfg = Release|Any CPU
		{50056C7F-9194-4D14-9790-1396B3B084B5}.Release|Any CPU.Build.0 = Release|Any CPU
		{E1783D64-4501-4CE3-A980-9AFB5FE81235}.Debug|Any CPU.ActiveCfg = Debug|Any CPU
		{E1783D64-4501-4CE3-A980-9AFB5FE81235}.Debug|Any CPU.Build.0 = Debug|Any CPU
		{E1783D64-4501-4CE3-A980-9AFB5FE81235}.Release|Any CPU.ActiveCfg = Release|Any CPU
		{E1783D64-4501-4CE3-A980-9AFB5FE81235}.Release|Any CPU.Build.0 = Release|Any CPU
		{5E43EF3A-C00E-4598-875F-AB33F49A489F}.Debug|Any CPU.ActiveCfg = Debug|Any CPU
		{5E43EF3A-C00E-4598-875F-AB33F49A489F}.Debug|Any CPU.Build.0 = Debug|Any CPU
		{5E43EF3A-C00E-4598-875F-AB33F49A489F}.Release|Any CPU.ActiveCfg = Release|Any CPU
		{5E43EF3A-C00E-4598-875F-AB33F49A489F}.Release|Any CPU.Build.0 = Release|Any CPU
		{EF001716-DD31-49B9-9A08-14F0E21AD73F}.Debug|Any CPU.ActiveCfg = Debug|Any CPU
		{EF001716-DD31-49B9-9A08-14F0E21AD73F}.Debug|Any CPU.Build.0 = Debug|Any CPU
		{EF001716-DD31-49B9-9A08-14F0E21AD73F}.Release|Any CPU.ActiveCfg = Release|Any CPU
		{EF001716-DD31-49B9-9A08-14F0E21AD73F}.Release|Any CPU.Build.0 = Release|Any CPU
		{3E7B8E01-191C-4F41-A9CD-D2CFF048B0CF}.Debug|Any CPU.ActiveCfg = Debug|Any CPU
		{3E7B8E01-191C-4F41-A9CD-D2CFF048B0CF}.Debug|Any CPU.Build.0 = Debug|Any CPU
		{3E7B8E01-191C-4F41-A9CD-D2CFF048B0CF}.Release|Any CPU.ActiveCfg = Release|Any CPU
		{3E7B8E01-191C-4F41-A9CD-D2CFF048B0CF}.Release|Any CPU.Build.0 = Release|Any CPU
		{24734C99-BC6A-485C-9753-0FA573BD8A5A}.Debug|Any CPU.ActiveCfg = Debug|Any CPU
		{24734C99-BC6A-485C-9753-0FA573BD8A5A}.Debug|Any CPU.Build.0 = Debug|Any CPU
		{24734C99-BC6A-485C-9753-0FA573BD8A5A}.Release|Any CPU.ActiveCfg = Release|Any CPU
		{24734C99-BC6A-485C-9753-0FA573BD8A5A}.Release|Any CPU.Build.0 = Release|Any CPU
		{C2B7CFC7-AC95-4820-8C15-3834CDC0A953}.Debug|Any CPU.ActiveCfg = Debug|Any CPU
		{C2B7CFC7-AC95-4820-8C15-3834CDC0A953}.Debug|Any CPU.Build.0 = Debug|Any CPU
		{C2B7CFC7-AC95-4820-8C15-3834CDC0A953}.Release|Any CPU.ActiveCfg = Release|Any CPU
		{C2B7CFC7-AC95-4820-8C15-3834CDC0A953}.Release|Any CPU.Build.0 = Release|Any CPU
		{9DB5DF42-DC64-4DAA-84E1-AD4FD3560894}.Debug|Any CPU.ActiveCfg = Debug|Any CPU
		{9DB5DF42-DC64-4DAA-84E1-AD4FD3560894}.Debug|Any CPU.Build.0 = Debug|Any CPU
		{9DB5DF42-DC64-4DAA-84E1-AD4FD3560894}.Release|Any CPU.ActiveCfg = Release|Any CPU
		{9DB5DF42-DC64-4DAA-84E1-AD4FD3560894}.Release|Any CPU.Build.0 = Release|Any CPU
		{45E60BF7-0C97-494D-A646-4ED4C02B3985}.Debug|Any CPU.ActiveCfg = Debug|Any CPU
		{45E60BF7-0C97-494D-A646-4ED4C02B3985}.Debug|Any CPU.Build.0 = Debug|Any CPU
		{45E60BF7-0C97-494D-A646-4ED4C02B3985}.Release|Any CPU.ActiveCfg = Release|Any CPU
		{45E60BF7-0C97-494D-A646-4ED4C02B3985}.Release|Any CPU.Build.0 = Release|Any CPU
		{5554BB3C-BC7D-4A56-A2C9-AD65AA0C4B28}.Debug|Any CPU.ActiveCfg = Debug|Any CPU
		{5554BB3C-BC7D-4A56-A2C9-AD65AA0C4B28}.Debug|Any CPU.Build.0 = Debug|Any CPU
		{5554BB3C-BC7D-4A56-A2C9-AD65AA0C4B28}.Release|Any CPU.ActiveCfg = Release|Any CPU
		{5554BB3C-BC7D-4A56-A2C9-AD65AA0C4B28}.Release|Any CPU.Build.0 = Release|Any CPU
		{073C4CED-13A5-479F-BB2D-7570C6A153F2}.Debug|Any CPU.ActiveCfg = Debug|Any CPU
		{073C4CED-13A5-479F-BB2D-7570C6A153F2}.Debug|Any CPU.Build.0 = Debug|Any CPU
		{073C4CED-13A5-479F-BB2D-7570C6A153F2}.Release|Any CPU.ActiveCfg = Release|Any CPU
		{073C4CED-13A5-479F-BB2D-7570C6A153F2}.Release|Any CPU.Build.0 = Release|Any CPU
	EndGlobalSection
	GlobalSection(SolutionProperties) = preSolution
		HideSolutionNode = FALSE
	EndGlobalSection
	GlobalSection(ExtensibilityGlobals) = postSolution
		SolutionGuid = {56638B20-C695-4ED5-8B6B-C1CA29FE0FBB}
	EndGlobalSection
EndGlobal
